// !$*UTF8*$!
{
	archiveVersion = 1;
	classes = {
	};
	objectVersion = 48;
	objects = {

/* Begin PBXBuildFile section */
		242A7CCA20E63011005DBACC /* UIResponder+ZHKPopRouter.m in Sources */ = {isa = PBXBuildFile; fileRef = 242A7CC920E63011005DBACC /* UIResponder+ZHKPopRouter.m */; };
		24BF829620E628AB00D1455E /* ZHKPopContentView.m in Sources */ = {isa = PBXBuildFile; fileRef = 24BF829520E628AB00D1455E /* ZHKPopContentView.m */; };
		24EBBEC920E624EF00EEC8C8 /* Main.storyboard in Resources */ = {isa = PBXBuildFile; fileRef = 24EBBEC720E624EF00EEC8C8 /* Main.storyboard */; };
		24EBBECB20E624EF00EEC8C8 /* Assets.xcassets in Resources */ = {isa = PBXBuildFile; fileRef = 24EBBECA20E624EF00EEC8C8 /* Assets.xcassets */; };
		24EBBECE20E624EF00EEC8C8 /* LaunchScreen.storyboard in Resources */ = {isa = PBXBuildFile; fileRef = 24EBBECC20E624EF00EEC8C8 /* LaunchScreen.storyboard */; };
		24EBBED120E624EF00EEC8C8 /* main.m in Sources */ = {isa = PBXBuildFile; fileRef = 24EBBED020E624EF00EEC8C8 /* main.m */; };
		24EBBEDD20E6252B00EEC8C8 /* ViewController.m in Sources */ = {isa = PBXBuildFile; fileRef = 24EBBED920E6252B00EEC8C8 /* ViewController.m */; };
		24EBBEDE20E6252B00EEC8C8 /* AppDelegate.m in Sources */ = {isa = PBXBuildFile; fileRef = 24EBBEDC20E6252B00EEC8C8 /* AppDelegate.m */; };
		24EBBF0120E6266500EEC8C8 /* ZHKBottomPopMenuView.m in Sources */ = {isa = PBXBuildFile; fileRef = 24EBBF0020E6266400EEC8C8 /* ZHKBottomPopMenuView.m */; };
		8BD7C88320E7DA03008843E3 /* ZHKBottomPopMenuCell.m in Sources */ = {isa = PBXBuildFile; fileRef = 8BD7C88220E7DA03008843E3 /* ZHKBottomPopMenuCell.m */; };
/* End PBXBuildFile section */

/* Begin PBXFileReference section */
		242A7CC820E63011005DBACC /* UIResponder+ZHKPopRouter.h */ = {isa = PBXFileReference; lastKnownFileType = sourcecode.c.h; path = "UIResponder+ZHKPopRouter.h"; sourceTree = "<group>"; };
		242A7CC920E63011005DBACC /* UIResponder+ZHKPopRouter.m */ = {isa = PBXFileReference; lastKnownFileType = sourcecode.c.objc; path = "UIResponder+ZHKPopRouter.m"; sourceTree = "<group>"; };
		24BF829420E628AB00D1455E /* ZHKPopContentView.h */ = {isa = PBXFileReference; lastKnownFileType = sourcecode.c.h; path = ZHKPopContentView.h; sourceTree = "<group>"; };
		24BF829520E628AB00D1455E /* ZHKPopContentView.m */ = {isa = PBXFileReference; lastKnownFileType = sourcecode.c.objc; path = ZHKPopContentView.m; sourceTree = "<group>"; };
		24EBBEBE20E624EF00EEC8C8 /* Example.app */ = {isa = PBXFileReference; explicitFileType = wrapper.application; includeInIndex = 0; path = Example.app; sourceTree = BUILT_PRODUCTS_DIR; };
		24EBBEC820E624EF00EEC8C8 /* Base */ = {isa = PBXFileReference; lastKnownFileType = file.storyboard; name = Base; path = Base.lproj/Main.storyboard; sourceTree = "<group>"; };
		24EBBECA20E624EF00EEC8C8 /* Assets.xcassets */ = {isa = PBXFileReference; lastKnownFileType = folder.assetcatalog; path = Assets.xcassets; sourceTree = "<group>"; };
		24EBBECD20E624EF00EEC8C8 /* Base */ = {isa = PBXFileReference; lastKnownFileType = file.storyboard; name = Base; path = Base.lproj/LaunchScreen.storyboard; sourceTree = "<group>"; };
		24EBBECF20E624EF00EEC8C8 /* Info.plist */ = {isa = PBXFileReference; lastKnownFileType = text.plist.xml; path = Info.plist; sourceTree = "<group>"; };
		24EBBED020E624EF00EEC8C8 /* main.m */ = {isa = PBXFileReference; lastKnownFileType = sourcecode.c.objc; path = main.m; sourceTree = "<group>"; };
		24EBBED820E6252B00EEC8C8 /* ViewController.h */ = {isa = PBXFileReference; fileEncoding = 4; lastKnownFileType = sourcecode.c.h; path = ViewController.h; sourceTree = "<group>"; };
		24EBBED920E6252B00EEC8C8 /* ViewController.m */ = {isa = PBXFileReference; fileEncoding = 4; lastKnownFileType = sourcecode.c.objc; path = ViewController.m; sourceTree = "<group>"; };
		24EBBEDB20E6252B00EEC8C8 /* AppDelegate.h */ = {isa = PBXFileReference; fileEncoding = 4; lastKnownFileType = sourcecode.c.h; path = AppDelegate.h; sourceTree = "<group>"; };
		24EBBEDC20E6252B00EEC8C8 /* AppDelegate.m */ = {isa = PBXFileReference; fileEncoding = 4; lastKnownFileType = sourcecode.c.objc; path = AppDelegate.m; sourceTree = "<group>"; };
		24EBBEFF20E6266400EEC8C8 /* ZHKBottomPopMenuView.h */ = {isa = PBXFileReference; fileEncoding = 4; lastKnownFileType = sourcecode.c.h; path = ZHKBottomPopMenuView.h; sourceTree = "<group>"; };
		24EBBF0020E6266400EEC8C8 /* ZHKBottomPopMenuView.m */ = {isa = PBXFileReference; fileEncoding = 4; lastKnownFileType = sourcecode.c.objc; path = ZHKBottomPopMenuView.m; sourceTree = "<group>"; };
		8BD7C88120E7DA03008843E3 /* ZHKBottomPopMenuCell.h */ = {isa = PBXFileReference; lastKnownFileType = sourcecode.c.h; path = ZHKBottomPopMenuCell.h; sourceTree = "<group>"; };
		8BD7C88220E7DA03008843E3 /* ZHKBottomPopMenuCell.m */ = {isa = PBXFileReference; lastKnownFileType = sourcecode.c.objc; path = ZHKBottomPopMenuCell.m; sourceTree = "<group>"; };
/* End PBXFileReference section */

/* Begin PBXFrameworksBuildPhase section */
		24EBBEBB20E624EF00EEC8C8 /* Frameworks */ = {
			isa = PBXFrameworksBuildPhase;
			buildActionMask = 2147483647;
			files = (
			);
			runOnlyForDeploymentPostprocessing = 0;
		};
/* End PBXFrameworksBuildPhase section */

/* Begin PBXGroup section */
		24EBBEB520E624EF00EEC8C8 = {
			isa = PBXGroup;
			children = (
				24EBBEFE20E6266400EEC8C8 /* ZHKBottomPopMenuView */,
				24EBBEC020E624EF00EEC8C8 /* Example */,
				24EBBEBF20E624EF00EEC8C8 /* Products */,
			);
			sourceTree = "<group>";
		};
		24EBBEBF20E624EF00EEC8C8 /* Products */ = {
			isa = PBXGroup;
			children = (
				24EBBEBE20E624EF00EEC8C8 /* Example.app */,
			);
			name = Products;
			sourceTree = "<group>";
		};
		24EBBEC020E624EF00EEC8C8 /* Example */ = {
			isa = PBXGroup;
			children = (
				24EBBEDA20E6252B00EEC8C8 /* AppDelegate */,
				24EBBED720E6252B00EEC8C8 /* ViewController */,
				24EBBEC720E624EF00EEC8C8 /* Main.storyboard */,
				24EBBECA20E624EF00EEC8C8 /* Assets.xcassets */,
				24EBBECC20E624EF00EEC8C8 /* LaunchScreen.storyboard */,
				24EBBECF20E624EF00EEC8C8 /* Info.plist */,
				24EBBED020E624EF00EEC8C8 /* main.m */,
			);
			path = Example;
			sourceTree = "<group>";
		};
		24EBBED720E6252B00EEC8C8 /* ViewController */ = {
			isa = PBXGroup;
			children = (
				24EBBED820E6252B00EEC8C8 /* ViewController.h */,
				24EBBED920E6252B00EEC8C8 /* ViewController.m */,
			);
			path = ViewController;
			sourceTree = "<group>";
		};
		24EBBEDA20E6252B00EEC8C8 /* AppDelegate */ = {
			isa = PBXGroup;
			children = (
				24EBBEDB20E6252B00EEC8C8 /* AppDelegate.h */,
				24EBBEDC20E6252B00EEC8C8 /* AppDelegate.m */,
			);
			path = AppDelegate;
			sourceTree = "<group>";
		};
		24EBBEFE20E6266400EEC8C8 /* ZHKBottomPopMenuView */ = {
			isa = PBXGroup;
			children = (
				24EBBEFF20E6266400EEC8C8 /* ZHKBottomPopMenuView.h */,
				24EBBF0020E6266400EEC8C8 /* ZHKBottomPopMenuView.m */,
				24BF829420E628AB00D1455E /* ZHKPopContentView.h */,
				24BF829520E628AB00D1455E /* ZHKPopContentView.m */,
				8BD7C88120E7DA03008843E3 /* ZHKBottomPopMenuCell.h */,
				8BD7C88220E7DA03008843E3 /* ZHKBottomPopMenuCell.m */,
				242A7CC820E63011005DBACC /* UIResponder+ZHKPopRouter.h */,
				242A7CC920E63011005DBACC /* UIResponder+ZHKPopRouter.m */,
			);
			name = ZHKBottomPopMenuView;
			path = ../ZHKBottomPopMenuView;
			sourceTree = "<group>";
		};
/* End PBXGroup section */

/* Begin PBXNativeTarget section */
		24EBBEBD20E624EF00EEC8C8 /* Example */ = {
			isa = PBXNativeTarget;
			buildConfigurationList = 24EBBED420E624EF00EEC8C8 /* Build configuration list for PBXNativeTarget "Example" */;
			buildPhases = (
				24EBBEBA20E624EF00EEC8C8 /* Sources */,
				24EBBEBB20E624EF00EEC8C8 /* Frameworks */,
				24EBBEBC20E624EF00EEC8C8 /* Resources */,
			);
			buildRules = (
			);
			dependencies = (
			);
			name = Example;
			productName = Example;
			productReference = 24EBBEBE20E624EF00EEC8C8 /* Example.app */;
			productType = "com.apple.product-type.application";
		};
/* End PBXNativeTarget section */

/* Begin PBXProject section */
		24EBBEB620E624EF00EEC8C8 /* Project object */ = {
			isa = PBXProject;
			attributes = {
				LastUpgradeCheck = 0910;
				ORGANIZATIONNAME = ZHK;
				TargetAttributes = {
					24EBBEBD20E624EF00EEC8C8 = {
						CreatedOnToolsVersion = 9.1;
						ProvisioningStyle = Automatic;
					};
				};
			};
			buildConfigurationList = 24EBBEB920E624EF00EEC8C8 /* Build configuration list for PBXProject "Example" */;
			compatibilityVersion = "Xcode 8.0";
			developmentRegion = en;
			hasScannedForEncodings = 0;
			knownRegions = (
				en,
				Base,
			);
			mainGroup = 24EBBEB520E624EF00EEC8C8;
			productRefGroup = 24EBBEBF20E624EF00EEC8C8 /* Products */;
			projectDirPath = "";
			projectRoot = "";
			targets = (
				24EBBEBD20E624EF00EEC8C8 /* Example */,
			);
		};
/* End PBXProject section */

/* Begin PBXResourcesBuildPhase section */
		24EBBEBC20E624EF00EEC8C8 /* Resources */ = {
			isa = PBXResourcesBuildPhase;
			buildActionMask = 2147483647;
			files = (
				24EBBECE20E624EF00EEC8C8 /* LaunchScreen.storyboard in Resources */,
				24EBBECB20E624EF00EEC8C8 /* Assets.xcassets in Resources */,
				24EBBEC920E624EF00EEC8C8 /* Main.storyboard in Resources */,
			);
			runOnlyForDeploymentPostprocessing = 0;
		};
/* End PBXResourcesBuildPhase section */

/* Begin PBXSourcesBuildPhase section */
		24EBBEBA20E624EF00EEC8C8 /* Sources */ = {
			isa = PBXSourcesBuildPhase;
			buildActionMask = 2147483647;
			files = (
				8BD7C88320E7DA03008843E3 /* ZHKBottomPopMenuCell.m in Sources */,
				24EBBF0120E6266500EEC8C8 /* ZHKBottomPopMenuView.m in Sources */,
				242A7CCA20E63011005DBACC /* UIResponder+ZHKPopRouter.m in Sources */,
				24EBBEDD20E6252B00EEC8C8 /* ViewController.m in Sources */,
				24EBBED120E624EF00EEC8C8 /* main.m in Sources */,
				24BF829620E628AB00D1455E /* ZHKPopContentView.m in Sources */,
				24EBBEDE20E6252B00EEC8C8 /* AppDelegate.m in Sources */,
			);
			runOnlyForDeploymentPostprocessing = 0;
		};
/* End PBXSourcesBuildPhase section */

/* Begin PBXVariantGroup section */
		24EBBEC720E624EF00EEC8C8 /* Main.storyboard */ = {
			isa = PBXVariantGroup;
			children = (
				24EBBEC820E624EF00EEC8C8 /* Base */,
			);
			name = Main.storyboard;
			sourceTree = "<group>";
		};
		24EBBECC20E624EF00EEC8C8 /* LaunchScreen.storyboard */ = {
			isa = PBXVariantGroup;
			children = (
				24EBBECD20E624EF00EEC8C8 /* Base */,
			);
			name = LaunchScreen.storyboard;
			sourceTree = "<group>";
		};
/* End PBXVariantGroup section */

/* Begin XCBuildConfiguration section */
		24EBBED220E624EF00EEC8C8 /* Debug */ = {
			isa = XCBuildConfiguration;
			buildSettings = {
				ALWAYS_SEARCH_USER_PATHS = NO;
				CLANG_ANALYZER_NONNULL = YES;
				CLANG_ANALYZER_NUMBER_OBJECT_CONVERSION = YES_AGGRESSIVE;
				CLANG_CXX_LANGUAGE_STANDARD = "gnu++14";
				CLANG_CXX_LIBRARY = "libc++";
				CLANG_ENABLE_MODULES = YES;
				CLANG_ENABLE_OBJC_ARC = YES;
				CLANG_WARN_BLOCK_CAPTURE_AUTORELEASING = YES;
				CLANG_WARN_BOOL_CONVERSION = YES;
				CLANG_WARN_COMMA = YES;
				CLANG_WARN_CONSTANT_CONVERSION = YES;
				CLANG_WARN_DIRECT_OBJC_ISA_USAGE = YES_ERROR;
				CLANG_WARN_DOCUMENTATION_COMMENTS = YES;
				CLANG_WARN_EMPTY_BODY = YES;
				CLANG_WARN_ENUM_CONVERSION = YES;
				CLANG_WARN_INFINITE_RECURSION = YES;
				CLANG_WARN_INT_CONVERSION = YES;
				CLANG_WARN_NON_LITERAL_NULL_CONVERSION = YES;
				CLANG_WARN_OBJC_LITERAL_CONVERSION = YES;
				CLANG_WARN_OBJC_ROOT_CLASS = YES_ERROR;
				CLANG_WARN_RANGE_LOOP_ANALYSIS = YES;
				CLANG_WARN_STRICT_PROTOTYPES = YES;
				CLANG_WARN_SUSPICIOUS_MOVE = YES;
				CLANG_WARN_UNGUARDED_AVAILABILITY = YES_AGGRESSIVE;
				CLANG_WARN_UNREACHABLE_CODE = YES;
				CLANG_WARN__DUPLICATE_METHOD_MATCH = YES;
				CODE_SIGN_IDENTITY = "iPhone Developer";
				COPY_PHASE_STRIP = NO;
				DEBUG_INFORMATION_FORMAT = dwarf;
				ENABLE_STRICT_OBJC_MSGSEND = YES;
				ENABLE_TESTABILITY = YES;
				GCC_C_LANGUAGE_STANDARD = gnu11;
				GCC_DYNAMIC_NO_PIC = NO;
				GCC_NO_COMMON_BLOCKS = YES;
				GCC_OPTIMIZATION_LEVEL = 0;
				GCC_PREPROCESSOR_DEFINITIONS = (
					"DEBUG=1",
					"$(inherited)",
				);
				GCC_WARN_64_TO_32_BIT_CONVERSION = YES;
				GCC_WARN_ABOUT_RETURN_TYPE = YES_ERROR;
				GCC_WARN_UNDECLARED_SELECTOR = YES;
				GCC_WARN_UNINITIALIZED_AUTOS = YES_AGGRESSIVE;
				GCC_WARN_UNUSED_FUNCTION = YES;
				GCC_WARN_UNUSED_VARIABLE = YES;
				IPHONEOS_DEPLOYMENT_TARGET = 11.1;
				MTL_ENABLE_DEBUG_INFO = YES;
				ONLY_ACTIVE_ARCH = YES;
				SDKROOT = iphoneos;
			};
			name = Debug;
		};
		24EBBED320E624EF00EEC8C8 /* Release */ = {
			isa = XCBuildConfiguration;
			buildSettings = {
				ALWAYS_SEARCH_USER_PATHS = NO;
				CLANG_ANALYZER_NONNULL = YES;
				CLANG_ANALYZER_NUMBER_OBJECT_CONVERSION = YES_AGGRESSIVE;
				CLANG_CXX_LANGUAGE_STANDARD = "gnu++14";
				CLANG_CXX_LIBRARY = "libc++";
				CLANG_ENABLE_MODULES = YES;
				CLANG_ENABLE_OBJC_ARC = YES;
				CLANG_WARN_BLOCK_CAPTURE_AUTORELEASING = YES;
				CLANG_WARN_BOOL_CONVERSION = YES;
				CLANG_WARN_COMMA = YES;
				CLANG_WARN_CONSTANT_CONVERSION = YES;
				CLANG_WARN_DIRECT_OBJC_ISA_USAGE = YES_ERROR;
				CLANG_WARN_DOCUMENTATION_COMMENTS = YES;
				CLANG_WARN_EMPTY_BODY = YES;
				CLANG_WARN_ENUM_CONVERSION = YES;
				CLANG_WARN_INFINITE_RECURSION = YES;
				CLANG_WARN_INT_CONVERSION = YES;
				CLANG_WARN_NON_LITERAL_NULL_CONVERSION = YES;
				CLANG_WARN_OBJC_LITERAL_CONVERSION = YES;
				CLANG_WARN_OBJC_ROOT_CLASS = YES_ERROR;
				CLANG_WARN_RANGE_LOOP_ANALYSIS = YES;
				CLANG_WARN_STRICT_PROTOTYPES = YES;
				CLANG_WARN_SUSPICIOUS_MOVE = YES;
				CLANG_WARN_UNGUARDED_AVAILABILITY = YES_AGGRESSIVE;
				CLANG_WARN_UNREACHABLE_CODE = YES;
				CLANG_WARN__DUPLICATE_METHOD_MATCH = YES;
				CODE_SIGN_IDENTITY = "iPhone Developer";
				COPY_PHASE_STRIP = NO;
				DEBUG_INFORMATION_FORMAT = "dwarf-with-dsym";
				ENABLE_NS_ASSERTIONS = NO;
				ENABLE_STRICT_OBJC_MSGSEND = YES;
				GCC_C_LANGUAGE_STANDARD = gnu11;
				GCC_NO_COMMON_BLOCKS = YES;
				GCC_WARN_64_TO_32_BIT_CONVERSION = YES;
				GCC_WARN_ABOUT_RETURN_TYPE = YES_ERROR;
				GCC_WARN_UNDECLARED_SELECTOR = YES;
				GCC_WARN_UNINITIALIZED_AUTOS = YES_AGGRESSIVE;
				GCC_WARN_UNUSED_FUNCTION = YES;
				GCC_WARN_UNUSED_VARIABLE = YES;
				IPHONEOS_DEPLOYMENT_TARGET = 11.1;
				MTL_ENABLE_DEBUG_INFO = NO;
				SDKROOT = iphoneos;
				VALIDATE_PRODUCT = YES;
			};
			name = Release;
		};
		24EBBED520E624EF00EEC8C8 /* Debug */ = {
			isa = XCBuildConfiguration;
			buildSettings = {
				ASSETCATALOG_COMPILER_APPICON_NAME = AppIcon;
				CODE_SIGN_STYLE = Automatic;
				DEVELOPMENT_TEAM = 9K5P26QDPB;
				INFOPLIST_FILE = Example/Info.plist;
				IPHONEOS_DEPLOYMENT_TARGET = 10.0;
				LD_RUNPATH_SEARCH_PATHS = "$(inherited) @executable_path/Frameworks";
				PRODUCT_BUNDLE_IDENTIFIER = ZHK.Example;
				PRODUCT_NAME = "$(TARGET_NAME)";
				TARGETED_DEVICE_FAMILY = "1,2";
			};
			name = Debug;
		};
		24EBBED620E624EF00EEC8C8 /* Release */ = {
			isa = XCBuildConfiguration;
			buildSettings = {
				ASSETCATALOG_COMPILER_APPICON_NAME = AppIcon;
				CODE_SIGN_STYLE = Automatic;
				DEVELOPMENT_TEAM = 9K5P26QDPB;
				INFOPLIST_FILE = Example/Info.plist;
				IPHONEOS_DEPLOYMENT_TARGET = 10.0;
				LD_RUNPATH_SEARCH_PATHS = "$(inherited) @executable_path/Frameworks";
				PRODUCT_BUNDLE_IDENTIFIER = ZHK.Example;
				PRODUCT_NAME = "$(TARGET_NAME)";
				TARGETED_DEVICE_FAMILY = "1,2";
			};
			name = Release;
		};
/* End XCBuildConfiguration section */

/* Begin XCConfigurationList section */
		24EBBEB920E624EF00EEC8C8 /* Build configuration list for PBXProject "Example" */ = {
			isa = XCConfigurationList;
			buildConfigurations = (
				24EBBED220E624EF00EEC8C8 /* Debug */,
				24EBBED320E624EF00EEC8C8 /* Release */,
			);
			defaultConfigurationIsVisible = 0;
			defaultConfigurationName = Release;
		};
		24EBBED420E624EF00EEC8C8 /* Build configuration list for PBXNativeTarget "Example" */ = {
			isa = XCConfigurationList;
			buildConfigurations = (
				24EBBED520E624EF00EEC8C8 /* Debug */,
				24EBBED620E624EF00EEC8C8 /* Release */,
			);
			defaultConfigurationIsVisible = 0;
			defaultConfigurationName = Release;
		};
/* End XCConfigurationList section */
	};
	rootObject = 24EBBEB620E624EF00EEC8C8 /* Project object */;
}
